github.com/a-h/templ v0.2.680 h1:TflYFucxp5rmOxAXB9Xy3+QHTk8s8xG9+nCT/cLzjeE=
github.com/a-h/templ v0.2.680/go.mod h1:NQGQOycaPKBxRB14DmAaeIpcGC1AOBPJEMO4ozS7m90=
github.com/go-chi/chi/v5 v5.0.12 h1:9euLV5sTrTNTRUU9POmDUvfxyj6LAABLUcEWO+JJb4s=
github.com/go-chi/chi/v5 v5.0.12/go.mod h1:DslCQbL2OYiznFReuXYUmQ2hGd1aDpCnlMNITLSKoi8=
github.com/kelseyhightower/envconfig v1.4.0 h1:Im6hONhd3pLkfDFsbRgu68RDNkGF1r3dvMUtDTo2cv8=
github.com/kelseyhightower/envconfig v1.4.0/go.mod h1:cccZRl6mQpaq41TPp5QxidR+Sa3axMbJDNb//FQX6Gg=
